{
  "object": {
    "pins": [
      {
        "package": "Klug",
        "repositoryURL": "https://github.com/codebendr-product-designer/Klug",
        "state": {
          "branch": "develop",
          "revision": "d35893fc0865aade513e98e8c9829dca4e2f2858",
          "version": null
        }
      },
      {
        "package": "swift-case-paths",
        "repositoryURL": "https://github.com/pointfreeco/swift-case-paths",
        "state": {
          "branch": null,
          "revision": "241301b67d8551c26d8f09bd2c0e52cc49f18007",
          "version": "0.8.0"
        }
      },
      {
        "package": "swift-collections",
        "repositoryURL": "https://github.com/apple/swift-collections",
        "state": {
          "branch": null,
          "revision": "48254824bb4248676bf7ce56014ff57b142b77eb",
          "version": "1.0.2"
        }
      },
      {
        "package": "swift-identified-collections",
        "repositoryURL": "https://github.com/pointfreeco/swift-identified-collections",
        "state": {
          "branch": null,
          "revision": "680bf440178a78a627b1c2c64c0855f6523ad5b9",
          "version": "0.3.2"
        }
      },
      {
        "package": "swift-parsing",
        "repositoryURL": "https://github.com/pointfreeco/swift-parsing",
        "state": {
          "branch": null,
          "revision": "6ac462857352a5084c307a45441297418cbc3c04",
          "version": "0.6.0"
        }
      }
    ]
  },
  "version": 1
}
